
Microsoft Visual Studio Solution File, Format Version 12.00
# Visual Studio Version 16
VisualStudioVersion = 16.0.29009.5
MinimumVisualStudioVersion = 10.0.40219.1
Project("{FAE04EC0-301F-11D3-BF4B-00C04F79EFBC}") = "Timeshare_API", "Timeshare_API\Timeshare_API.csproj", "{1E4485D8-672C-4709-BCE6-6FB7980B4064}"
EndProject
Global
	GlobalSection(SolutionConfigurationPlatforms) = preSolution
		Debug|Any CPU = Debug|Any CPU
		Release|Any CPU = Release|Any CPU
	EndGlobalSection
	GlobalSection(ProjectConfigurationPlatforms) = postSolution
		{1E4485D8-672C-4709-BCE6-6FB7980B4064}.Debug|Any CPU.ActiveCfg = Debug|Any CPU
		{1E4485D8-672C-4709-BCE6-6FB7980B4064}.Debug|Any CPU.Build.0 = Debug|Any CPU
		{1E4485D8-672C-4709-BCE6-6FB7980B4064}.Release|Any CPU.ActiveCfg = Release|Any CPU
		{1E4485D8-672C-4709-BCE6-6FB7980B4064}.Release|Any CPU.Build.0 = Release|Any CPU
	EndGlobalSection
	GlobalSection(SolutionProperties) = preSolution
		HideSolutionNode = FALSE
	EndGlobalSection
	GlobalSection(ExtensibilityGlobals) = postSolution
		SolutionGuid = {4B2C29BC-A5C3-48B4-B9D7-33D8CD8D0DA5}
	EndGlobalSection
EndGlobal
